PATH
  remote: /Users/jbarnette/github/boxen
  specs:
    boxen (0.0.0)
      ansi
      highline
      json_pure
      octokit
      puppet

GEM
  remote: http://rubygems.org/
  specs:
    addressable (2.3.2)
    ansi (1.4.3)
    facter (1.6.12)
    faraday (0.8.4)
      multipart-post (~> 1.1)
    faraday_middleware (0.8.8)
      faraday (>= 0.7.4, < 0.9)
    hashie (1.2.0)
    hiera (1.1.0.rc1)
      json
    highline (1.6.15)
    json (1.7.5)
    json_pure (1.7.5)
    multi_json (1.3.6)
    multipart-post (1.1.5)
    octokit (1.15.1)
      addressable (~> 2.2)
      faraday (~> 0.8)
      faraday_middleware (~> 0.8)
      hashie (~> 1.2)
      multi_json (~> 1.3)
    puppet (3.0.0)
      facter (>= 1.6.11)
      hiera (>= 1.0.0rc)

PLATFORMS
  ruby

DEPENDENCIES
  boxen (= 0.0.0)!
