GITHUBTARBALL
  remote: boxen/puppet-boxen
  specs:
    boxen (1.0.2)

GITHUBTARBALL
  remote: boxen/puppet-dnsmasq
  specs:
    dnsmasq (1.0.0)

GITHUBTARBALL
  remote: boxen/puppet-gcc
  specs:
    gcc (1.0.0)

GITHUBTARBALL
  remote: boxen/puppet-git
  specs:
    git (1.0.0)

GITHUBTARBALL
  remote: boxen/puppet-homebrew
  specs:
    homebrew (1.0.0)

GITHUBTARBALL
  remote: boxen/puppet-hub
  specs:
    hub (1.0.0)

GITHUBTARBALL
  remote: boxen/puppet-nginx
  specs:
    nginx (1.0.0)

GITHUBTARBALL
  remote: boxen/puppet-nodejs
  specs:
    nodejs (1.0.0)

GITHUBTARBALL
  remote: boxen/puppet-nvm
  specs:
    nvm (1.0.0)

GITHUBTARBALL
  remote: boxen/puppet-ruby
  specs:
    ruby (1.0.0)

GITHUBTARBALL
  remote: boxen/puppet-sudo
  specs:
    sudo (1.0.0)

GITHUBTARBALL
  remote: cprice-puppet/puppetlabs-inifile
  specs:
    inifile (0.9.0)

GITHUBTARBALL
  remote: puppetlabs/puppetlabs-stdlib
  specs:
    stdlib (3.0.0)

DEPENDENCIES
  boxen (= 1.0.2)
  dnsmasq (= 1.0.0)
  gcc (= 1.0.0)
  git (= 1.0.0)
  homebrew (= 1.0.0)
  hub (= 1.0.0)
  inifile (= 0.9.0)
  nginx (= 1.0.0)
  nodejs (= 1.0.0)
  nvm (= 1.0.0)
  ruby (= 1.0.0)
  stdlib (= 3.0.0)
  sudo (= 1.0.0)

