GITHUBTARBALL
  remote: boxen/puppet-boxen
  specs:
    boxen (3.10.2)

GITHUBTARBALL
  remote: boxen/puppet-brewcask
  specs:
    brewcask (0.0.6)

GITHUBTARBALL
  remote: boxen/puppet-dnsmasq
  specs:
    dnsmasq (2.0.1)

GITHUBTARBALL
  remote: boxen/puppet-foreman
  specs:
    foreman (1.2.0)

GITHUBTARBALL
  remote: boxen/puppet-gcc
  specs:
    gcc (2.2.0)

GITHUBTARBALL
  remote: boxen/puppet-git
  specs:
    git (2.7.5)

GITHUBTARBALL
  remote: boxen/puppet-go
  specs:
    go (2.1.0)

GITHUBTARBALL
  remote: boxen/puppet-homebrew
  specs:
    homebrew (1.11.2)

GITHUBTARBALL
  remote: boxen/puppet-hub
  specs:
    hub (1.4.0)

GITHUBTARBALL
  remote: boxen/puppet-nginx
  specs:
    nginx (1.4.4)

GITHUBTARBALL
  remote: boxen/puppet-nodejs
  specs:
    nodejs (4.0.0)

GITHUBTARBALL
  remote: boxen/puppet-openssl
  specs:
    openssl (1.0.0)

GITHUBTARBALL
  remote: boxen/puppet-phantomjs
  specs:
    phantomjs (2.3.0)

GITHUBTARBALL
  remote: boxen/puppet-pkgconfig
  specs:
    pkgconfig (1.0.0)

GITHUBTARBALL
  remote: boxen/puppet-repository
  specs:
    repository (2.3.0)

GITHUBTARBALL
  remote: boxen/puppet-ruby
  specs:
    ruby (8.1.7)

GITHUBTARBALL
  remote: boxen/puppet-sudo
  specs:
    sudo (1.0.0)

GITHUBTARBALL
  remote: boxen/puppet-xquartz
  specs:
    xquartz (1.2.1)

GITHUBTARBALL
  remote: puppetlabs/puppetlabs-inifile
  specs:
    inifile (1.1.1)

GITHUBTARBALL
  remote: puppetlabs/puppetlabs-stdlib
  specs:
    stdlib (4.2.1)

GITHUBTARBALL
  remote: ripienaar/puppet-module-data
  specs:
    module_data (0.0.3)

DEPENDENCIES
  boxen (= 3.10.2)
  brewcask (= 0.0.6)
  dnsmasq (= 2.0.1)
  foreman (= 1.2.0)
  gcc (= 2.2.0)
  git (= 2.7.5)
  go (= 2.1.0)
  homebrew (= 1.11.2)
  hub (= 1.4.0)
  inifile (= 1.1.1)
  module_data (= 0.0.3)
  nginx (= 1.4.4)
  nodejs (= 4.0.0)
  openssl (= 1.0.0)
  phantomjs (= 2.3.0)
  pkgconfig (= 1.0.0)
  repository (= 2.3.0)
  ruby (= 8.1.7)
  stdlib (= 4.2.1)
  sudo (= 1.0.0)
  xquartz (= 1.2.1)

